
Microsoft Visual Studio Solution File, Format Version 12.00
# Visual Studio 15
VisualStudioVersion = 15.0.27703.2026
MinimumVisualStudioVersion = 10.0.40219.1
Project("{FAE04EC0-301F-11D3-BF4B-00C04F79EFBC}") = "ConsoleApp1", "ConsoleApp1\ConsoleApp1.csproj", "{3C836257-E93C-4D00-85FC-36D5A4A3FCE8}"
EndProject
Global
	GlobalSection(SolutionConfigurationPlatforms) = preSolution
		Debug|Any CPU = Debug|Any CPU
		Release|Any CPU = Release|Any CPU
	EndGlobalSection
	GlobalSection(ProjectConfigurationPlatforms) = postSolution
		{3C836257-E93C-4D00-85FC-36D5A4A3FCE8}.Debug|Any CPU.ActiveCfg = Debug|Any CPU
		{3C836257-E93C-4D00-85FC-36D5A4A3FCE8}.Debug|Any CPU.Build.0 = Debug|Any CPU
		{3C836257-E93C-4D00-85FC-36D5A4A3FCE8}.Release|Any CPU.ActiveCfg = Release|Any CPU
		{3C836257-E93C-4D00-85FC-36D5A4A3FCE8}.Release|Any CPU.Build.0 = Release|Any CPU
	EndGlobalSection
	GlobalSection(SolutionProperties) = preSolution
		HideSolutionNode = FALSE
	EndGlobalSection
	GlobalSection(ExtensibilityGlobals) = postSolution
		SolutionGuid = {3F2FB0F6-5E4B-4F99-9DDB-EA47F6E5D418}
	EndGlobalSection
EndGlobal
